
Microsoft Visual Studio Solution File, Format Version 12.00
# Visual Studio Version 17
VisualStudioVersion = 17.4.33205.214
MinimumVisualStudioVersion = 10.0.40219.1
Project("{9A19103F-16F7-4668-BE54-9A1E7A4F7556}") = "Caching.Abstractions", "Caching.Abstractions\Caching.Abstractions.csproj", "{FA3063D5-4624-4556-9DD6-FCA6ACD89ED0}"
EndProject
Project("{9A19103F-16F7-4668-BE54-9A1E7A4F7556}") = "Caching.Tests", "Caching.Tests\Caching.Tests.csproj", "{A8F46312-44BE-4C82-A4E5-E3131D648DBF}"
EndProject
Project("{9A19103F-16F7-4668-BE54-9A1E7A4F7556}") = "Sample.AspNetCore", "Sample.AspNetCore\Sample.AspNetCore.csproj", "{5C20A2A5-712E-40CA-AD17-4D66C48EFF2A}"
EndProject
Project("{9A19103F-16F7-4668-BE54-9A1E7A4F7556}") = "Caching.Runtime", "Caching.Runtime\Caching.Runtime.csproj", "{872F83AB-9626-4AD5-BBD9-EA5AD6B94C34}"
EndProject
Project("{9A19103F-16F7-4668-BE54-9A1E7A4F7556}") = "Caching.Polly", "Caching.Polly\Caching.Polly.csproj", "{16A9490F-32C0-4CE2-BF69-2858F4C7D04D}"
EndProject
Project("{9A19103F-16F7-4668-BE54-9A1E7A4F7556}") = "Caching.CloudEvents", "Caching.CloudEvents\Caching.CloudEvents.csproj", "{7F2F7166-D11D-4E91-8FC0-D962FF319440}"
EndProject
Project("{9A19103F-16F7-4668-BE54-9A1E7A4F7556}") = "Caching.Telemetry", "Caching.Telemetry\Caching.Telemetry.csproj", "{02462BA6-66F9-49D0-A42F-BDE5F6FB86AD}"
EndProject
Project("{2150E333-8FDC-42A3-9474-1A3956D46DE8}") = "Solution Items", "Solution Items", "{AB162B2E-38DD-4580-A0DE-B40F3AC9E8D0}"
	ProjectSection(SolutionItems) = preProject
		.editorconfig = .editorconfig
		.vsts-ci.yml = .vsts-ci.yml
		Directory.Build.props = Directory.Build.props
		Directory.Packages.props = Directory.Packages.props
		GitVersion.yml = GitVersion.yml
		global.json = global.json
		NuGet.Config = NuGet.Config
		README.md = README.md
	EndProjectSection
EndProject
Project("{9A19103F-16F7-4668-BE54-9A1E7A4F7556}") = "Caching.AspNetCore", "Caching.AspNetCore\Caching.AspNetCore.csproj", "{7E4C5764-8506-4758-8993-662B4554CA26}"
EndProject
Project("{9A19103F-16F7-4668-BE54-9A1E7A4F7556}") = "Caching.BenchmarkTests", "Caching.BenchmarkTests\Caching.BenchmarkTests.csproj", "{A95ED086-3FAE-4D78-B59F-4123E14BDBE0}"
EndProject
Global
	GlobalSection(SolutionConfigurationPlatforms) = preSolution
		Debug|Any CPU = Debug|Any CPU
		Release|Any CPU = Release|Any CPU
	EndGlobalSection
	GlobalSection(ProjectConfigurationPlatforms) = postSolution
		{FA3063D5-4624-4556-9DD6-FCA6ACD89ED0}.Debug|Any CPU.ActiveCfg = Debug|Any CPU
		{FA3063D5-4624-4556-9DD6-FCA6ACD89ED0}.Debug|Any CPU.Build.0 = Debug|Any CPU
		{FA3063D5-4624-4556-9DD6-FCA6ACD89ED0}.Release|Any CPU.ActiveCfg = Release|Any CPU
		{FA3063D5-4624-4556-9DD6-FCA6ACD89ED0}.Release|Any CPU.Build.0 = Release|Any CPU
		{A8F46312-44BE-4C82-A4E5-E3131D648DBF}.Debug|Any CPU.ActiveCfg = Debug|Any CPU
		{A8F46312-44BE-4C82-A4E5-E3131D648DBF}.Debug|Any CPU.Build.0 = Debug|Any CPU
		{A8F46312-44BE-4C82-A4E5-E3131D648DBF}.Release|Any CPU.ActiveCfg = Release|Any CPU
		{A8F46312-44BE-4C82-A4E5-E3131D648DBF}.Release|Any CPU.Build.0 = Release|Any CPU
		{5C20A2A5-712E-40CA-AD17-4D66C48EFF2A}.Debug|Any CPU.ActiveCfg = Debug|Any CPU
		{5C20A2A5-712E-40CA-AD17-4D66C48EFF2A}.Debug|Any CPU.Build.0 = Debug|Any CPU
		{5C20A2A5-712E-40CA-AD17-4D66C48EFF2A}.Release|Any CPU.ActiveCfg = Release|Any CPU
		{5C20A2A5-712E-40CA-AD17-4D66C48EFF2A}.Release|Any CPU.Build.0 = Release|Any CPU
		{872F83AB-9626-4AD5-BBD9-EA5AD6B94C34}.Debug|Any CPU.ActiveCfg = Debug|Any CPU
		{872F83AB-9626-4AD5-BBD9-EA5AD6B94C34}.Debug|Any CPU.Build.0 = Debug|Any CPU
		{872F83AB-9626-4AD5-BBD9-EA5AD6B94C34}.Release|Any CPU.ActiveCfg = Release|Any CPU
		{872F83AB-9626-4AD5-BBD9-EA5AD6B94C34}.Release|Any CPU.Build.0 = Release|Any CPU
		{16A9490F-32C0-4CE2-BF69-2858F4C7D04D}.Debug|Any CPU.ActiveCfg = Debug|Any CPU
		{16A9490F-32C0-4CE2-BF69-2858F4C7D04D}.Debug|Any CPU.Build.0 = Debug|Any CPU
		{16A9490F-32C0-4CE2-BF69-2858F4C7D04D}.Release|Any CPU.ActiveCfg = Release|Any CPU
		{16A9490F-32C0-4CE2-BF69-2858F4C7D04D}.Release|Any CPU.Build.0 = Release|Any CPU
		{7F2F7166-D11D-4E91-8FC0-D962FF319440}.Debug|Any CPU.ActiveCfg = Debug|Any CPU
		{7F2F7166-D11D-4E91-8FC0-D962FF319440}.Debug|Any CPU.Build.0 = Debug|Any CPU
		{7F2F7166-D11D-4E91-8FC0-D962FF319440}.Release|Any CPU.ActiveCfg = Release|Any CPU
		{7F2F7166-D11D-4E91-8FC0-D962FF319440}.Release|Any CPU.Build.0 = Release|Any CPU
		{02462BA6-66F9-49D0-A42F-BDE5F6FB86AD}.Debug|Any CPU.ActiveCfg = Debug|Any CPU
		{02462BA6-66F9-49D0-A42F-BDE5F6FB86AD}.Debug|Any CPU.Build.0 = Debug|Any CPU
		{02462BA6-66F9-49D0-A42F-BDE5F6FB86AD}.Release|Any CPU.ActiveCfg = Release|Any CPU
		{02462BA6-66F9-49D0-A42F-BDE5F6FB86AD}.Release|Any CPU.Build.0 = Release|Any CPU
		{7E4C5764-8506-4758-8993-662B4554CA26}.Debug|Any CPU.ActiveCfg = Debug|Any CPU
		{7E4C5764-8506-4758-8993-662B4554CA26}.Debug|Any CPU.Build.0 = Debug|Any CPU
		{7E4C5764-8506-4758-8993-662B4554CA26}.Release|Any CPU.ActiveCfg = Release|Any CPU
		{7E4C5764-8506-4758-8993-662B4554CA26}.Release|Any CPU.Build.0 = Release|Any CPU
		{A95ED086-3FAE-4D78-B59F-4123E14BDBE0}.Debug|Any CPU.ActiveCfg = Debug|Any CPU
		{A95ED086-3FAE-4D78-B59F-4123E14BDBE0}.Debug|Any CPU.Build.0 = Debug|Any CPU
		{A95ED086-3FAE-4D78-B59F-4123E14BDBE0}.Release|Any CPU.ActiveCfg = Release|Any CPU
		{A95ED086-3FAE-4D78-B59F-4123E14BDBE0}.Release|Any CPU.Build.0 = Release|Any CPU
	EndGlobalSection
	GlobalSection(SolutionProperties) = preSolution
		HideSolutionNode = FALSE
	EndGlobalSection
	GlobalSection(ExtensibilityGlobals) = postSolution
		SolutionGuid = {577147D6-A0AC-4762-AE28-59315C37F764}
	EndGlobalSection
EndGlobal
